
Microsoft Visual Studio Solution File, Format Version 12.00
# Visual Studio Version 17
VisualStudioVersion = 17.5.33516.290
MinimumVisualStudioVersion = 10.0.40219.1
Project("{FAE04EC0-301F-11D3-BF4B-00C04F79EFBC}") = "lab9.Android", "lab9\lab9.Android\lab9.Android.csproj", "{4775C2D4-4291-4291-9E8A-A02D8B59754C}"
EndProject
Project("{FAE04EC0-301F-11D3-BF4B-00C04F79EFBC}") = "lab9.iOS", "lab9\lab9.iOS\lab9.iOS.csproj", "{914171B8-436D-4486-822D-BF70BAE29B69}"
EndProject
Project("{FAE04EC0-301F-11D3-BF4B-00C04F79EFBC}") = "lab9", "lab9\lab9\lab9.csproj", "{2C13D107-84BE-4092-9C35-0CC0472E1D01}"
EndProject
Global
	GlobalSection(SolutionConfigurationPlatforms) = preSolution
		Debug|Any CPU = Debug|Any CPU
		Debug|iPhone = Debug|iPhone
		Debug|iPhoneSimulator = Debug|iPhoneSimulator
		Release|Any CPU = Release|Any CPU
		Release|iPhone = Release|iPhone
		Release|iPhoneSimulator = Release|iPhoneSimulator
	EndGlobalSection
	GlobalSection(ProjectConfigurationPlatforms) = postSolution
		{4775C2D4-4291-4291-9E8A-A02D8B59754C}.Debug|Any CPU.ActiveCfg = Debug|Any CPU
		{4775C2D4-4291-4291-9E8A-A02D8B59754C}.Debug|Any CPU.Build.0 = Debug|Any CPU
		{4775C2D4-4291-4291-9E8A-A02D8B59754C}.Debug|Any CPU.Deploy.0 = Debug|Any CPU
		{4775C2D4-4291-4291-9E8A-A02D8B59754C}.Debug|iPhone.ActiveCfg = Debug|Any CPU
		{4775C2D4-4291-4291-9E8A-A02D8B59754C}.Debug|iPhone.Build.0 = Debug|Any CPU
		{4775C2D4-4291-4291-9E8A-A02D8B59754C}.Debug|iPhone.Deploy.0 = Debug|Any CPU
		{4775C2D4-4291-4291-9E8A-A02D8B59754C}.Debug|iPhoneSimulator.ActiveCfg = Debug|Any CPU
		{4775C2D4-4291-4291-9E8A-A02D8B59754C}.Debug|iPhoneSimulator.Build.0 = Debug|Any CPU
		{4775C2D4-4291-4291-9E8A-A02D8B59754C}.Debug|iPhoneSimulator.Deploy.0 = Debug|Any CPU
		{4775C2D4-4291-4291-9E8A-A02D8B59754C}.Release|Any CPU.ActiveCfg = Release|Any CPU
		{4775C2D4-4291-4291-9E8A-A02D8B59754C}.Release|Any CPU.Build.0 = Release|Any CPU
		{4775C2D4-4291-4291-9E8A-A02D8B59754C}.Release|Any CPU.Deploy.0 = Release|Any CPU
		{4775C2D4-4291-4291-9E8A-A02D8B59754C}.Release|iPhone.ActiveCfg = Release|Any CPU
		{4775C2D4-4291-4291-9E8A-A02D8B59754C}.Release|iPhone.Build.0 = Release|Any CPU
		{4775C2D4-4291-4291-9E8A-A02D8B59754C}.Release|iPhone.Deploy.0 = Release|Any CPU
		{4775C2D4-4291-4291-9E8A-A02D8B59754C}.Release|iPhoneSimulator.ActiveCfg = Release|Any CPU
		{4775C2D4-4291-4291-9E8A-A02D8B59754C}.Release|iPhoneSimulator.Build.0 = Release|Any CPU
		{4775C2D4-4291-4291-9E8A-A02D8B59754C}.Release|iPhoneSimulator.Deploy.0 = Release|Any CPU
		{914171B8-436D-4486-822D-BF70BAE29B69}.Debug|Any CPU.ActiveCfg = Debug|iPhone
		{914171B8-436D-4486-822D-BF70BAE29B69}.Debug|Any CPU.Build.0 = Debug|iPhone
		{914171B8-436D-4486-822D-BF70BAE29B69}.Debug|Any CPU.Deploy.0 = Debug|iPhone
		{914171B8-436D-4486-822D-BF70BAE29B69}.Debug|iPhone.ActiveCfg = Debug|iPhone
		{914171B8-436D-4486-822D-BF70BAE29B69}.Debug|iPhone.Build.0 = Debug|iPhone
		{914171B8-436D-4486-822D-BF70BAE29B69}.Debug|iPhone.Deploy.0 = Debug|iPhone
		{914171B8-436D-4486-822D-BF70BAE29B69}.Debug|iPhoneSimulator.ActiveCfg = Debug|iPhoneSimulator
		{914171B8-436D-4486-822D-BF70BAE29B69}.Debug|iPhoneSimulator.Build.0 = Debug|iPhoneSimulator
		{914171B8-436D-4486-822D-BF70BAE29B69}.Debug|iPhoneSimulator.Deploy.0 = Debug|iPhoneSimulator
		{914171B8-436D-4486-822D-BF70BAE29B69}.Release|Any CPU.ActiveCfg = Release|iPhoneSimulator
		{914171B8-436D-4486-822D-BF70BAE29B69}.Release|Any CPU.Build.0 = Release|iPhoneSimulator
		{914171B8-436D-4486-822D-BF70BAE29B69}.Release|Any CPU.Deploy.0 = Release|iPhoneSimulator
		{914171B8-436D-4486-822D-BF70BAE29B69}.Release|iPhone.ActiveCfg = Release|iPhone
		{914171B8-436D-4486-822D-BF70BAE29B69}.Release|iPhone.Build.0 = Release|iPhone
		{914171B8-436D-4486-822D-BF70BAE29B69}.Release|iPhone.Deploy.0 = Release|iPhone
		{914171B8-436D-4486-822D-BF70BAE29B69}.Release|iPhoneSimulator.ActiveCfg = Release|iPhoneSimulator
		{914171B8-436D-4486-822D-BF70BAE29B69}.Release|iPhoneSimulator.Build.0 = Release|iPhoneSimulator
		{914171B8-436D-4486-822D-BF70BAE29B69}.Release|iPhoneSimulator.Deploy.0 = Release|iPhoneSimulator
		{2C13D107-84BE-4092-9C35-0CC0472E1D01}.Debug|Any CPU.ActiveCfg = Debug|Any CPU
		{2C13D107-84BE-4092-9C35-0CC0472E1D01}.Debug|Any CPU.Build.0 = Debug|Any CPU
		{2C13D107-84BE-4092-9C35-0CC0472E1D01}.Debug|Any CPU.Deploy.0 = Debug|Any CPU
		{2C13D107-84BE-4092-9C35-0CC0472E1D01}.Debug|iPhone.ActiveCfg = Debug|Any CPU
		{2C13D107-84BE-4092-9C35-0CC0472E1D01}.Debug|iPhone.Build.0 = Debug|Any CPU
		{2C13D107-84BE-4092-9C35-0CC0472E1D01}.Debug|iPhone.Deploy.0 = Debug|Any CPU
		{2C13D107-84BE-4092-9C35-0CC0472E1D01}.Debug|iPhoneSimulator.ActiveCfg = Debug|Any CPU
		{2C13D107-84BE-4092-9C35-0CC0472E1D01}.Debug|iPhoneSimulator.Build.0 = Debug|Any CPU
		{2C13D107-84BE-4092-9C35-0CC0472E1D01}.Debug|iPhoneSimulator.Deploy.0 = Debug|Any CPU
		{2C13D107-84BE-4092-9C35-0CC0472E1D01}.Release|Any CPU.ActiveCfg = Release|Any CPU
		{2C13D107-84BE-4092-9C35-0CC0472E1D01}.Release|Any CPU.Build.0 = Release|Any CPU
		{2C13D107-84BE-4092-9C35-0CC0472E1D01}.Release|Any CPU.Deploy.0 = Release|Any CPU
		{2C13D107-84BE-4092-9C35-0CC0472E1D01}.Release|iPhone.ActiveCfg = Release|Any CPU
		{2C13D107-84BE-4092-9C35-0CC0472E1D01}.Release|iPhone.Build.0 = Release|Any CPU
		{2C13D107-84BE-4092-9C35-0CC0472E1D01}.Release|iPhone.Deploy.0 = Release|Any CPU
		{2C13D107-84BE-4092-9C35-0CC0472E1D01}.Release|iPhoneSimulator.ActiveCfg = Release|Any CPU
		{2C13D107-84BE-4092-9C35-0CC0472E1D01}.Release|iPhoneSimulator.Build.0 = Release|Any CPU
		{2C13D107-84BE-4092-9C35-0CC0472E1D01}.Release|iPhoneSimulator.Deploy.0 = Release|Any CPU
	EndGlobalSection
	GlobalSection(SolutionProperties) = preSolution
		HideSolutionNode = FALSE
	EndGlobalSection
	GlobalSection(ExtensibilityGlobals) = postSolution
		SolutionGuid = {DB21C3A1-0E5A-4F90-8B55-57A1718B66C7}
	EndGlobalSection
EndGlobal
